
Microsoft Visual Studio Solution File, Format Version 12.00
# Visual Studio Version 17
VisualStudioVersion = 17.3.32901.215
MinimumVisualStudioVersion = 10.0.40219.1
Project("{FAE04EC0-301F-11D3-BF4B-00C04F79EFBC}") = "Exercise2", "Exercise2\Exercise2.csproj", "{903971C2-0F14-4B5D-A453-46C43F92B4C4}"
EndProject
Global
	GlobalSection(SolutionConfigurationPlatforms) = preSolution
		Debug|Any CPU = Debug|Any CPU
		Release|Any CPU = Release|Any CPU
	EndGlobalSection
	GlobalSection(ProjectConfigurationPlatforms) = postSolution
		{903971C2-0F14-4B5D-A453-46C43F92B4C4}.Debug|Any CPU.ActiveCfg = Debug|Any CPU
		{903971C2-0F14-4B5D-A453-46C43F92B4C4}.Debug|Any CPU.Build.0 = Debug|Any CPU
		{903971C2-0F14-4B5D-A453-46C43F92B4C4}.Release|Any CPU.ActiveCfg = Release|Any CPU
		{903971C2-0F14-4B5D-A453-46C43F92B4C4}.Release|Any CPU.Build.0 = Release|Any CPU
	EndGlobalSection
	GlobalSection(SolutionProperties) = preSolution
		HideSolutionNode = FALSE
	EndGlobalSection
	GlobalSection(ExtensibilityGlobals) = postSolution
		SolutionGuid = {E85CB46E-1B95-417E-A2A2-90905002EB44}
	EndGlobalSection
EndGlobal
